
Microsoft Visual Studio Solution File, Format Version 12.00
# Visual Studio Version 17
VisualStudioVersion = 17.8.34322.80
MinimumVisualStudioVersion = 10.0.40219.1
Project("{9A19103F-16F7-4668-BE54-9A1E7A4F7556}") = "YI.Core", "YI.Core\YI.Core.csproj", "{A8DC4755-B63B-458C-8748-506E6A2881B1}"
EndProject
Project("{9A19103F-16F7-4668-BE54-9A1E7A4F7556}") = "YI.Entity", "YI.Entity\YI.Entity.csproj", "{3A4A336F-AE56-4AE7-BE9A-9E7544E1EAC4}"
EndProject
Project("{FAE04EC0-301F-11D3-BF4B-00C04F79EFBC}") = "YI.WebAPI", "YI.WebAPI\YI.WebAPI.csproj", "{98EE9CE6-8142-4E0F-A4B9-D5A0FC156D60}"
EndProject
Global
	GlobalSection(SolutionConfigurationPlatforms) = preSolution
		Debug|Any CPU = Debug|Any CPU
		Release|Any CPU = Release|Any CPU
	EndGlobalSection
	GlobalSection(ProjectConfigurationPlatforms) = postSolution
		{A8DC4755-B63B-458C-8748-506E6A2881B1}.Debug|Any CPU.ActiveCfg = Debug|Any CPU
		{A8DC4755-B63B-458C-8748-506E6A2881B1}.Debug|Any CPU.Build.0 = Debug|Any CPU
		{A8DC4755-B63B-458C-8748-506E6A2881B1}.Release|Any CPU.ActiveCfg = Release|Any CPU
		{A8DC4755-B63B-458C-8748-506E6A2881B1}.Release|Any CPU.Build.0 = Release|Any CPU
		{3A4A336F-AE56-4AE7-BE9A-9E7544E1EAC4}.Debug|Any CPU.ActiveCfg = Debug|Any CPU
		{3A4A336F-AE56-4AE7-BE9A-9E7544E1EAC4}.Debug|Any CPU.Build.0 = Debug|Any CPU
		{3A4A336F-AE56-4AE7-BE9A-9E7544E1EAC4}.Release|Any CPU.ActiveCfg = Release|Any CPU
		{3A4A336F-AE56-4AE7-BE9A-9E7544E1EAC4}.Release|Any CPU.Build.0 = Release|Any CPU
		{98EE9CE6-8142-4E0F-A4B9-D5A0FC156D60}.Debug|Any CPU.ActiveCfg = Debug|Any CPU
		{98EE9CE6-8142-4E0F-A4B9-D5A0FC156D60}.Debug|Any CPU.Build.0 = Debug|Any CPU
		{98EE9CE6-8142-4E0F-A4B9-D5A0FC156D60}.Release|Any CPU.ActiveCfg = Release|Any CPU
		{98EE9CE6-8142-4E0F-A4B9-D5A0FC156D60}.Release|Any CPU.Build.0 = Release|Any CPU
	EndGlobalSection
	GlobalSection(SolutionProperties) = preSolution
		HideSolutionNode = FALSE
	EndGlobalSection
	GlobalSection(ExtensibilityGlobals) = postSolution
		SolutionGuid = {2BD177B8-C89C-4155-A718-7AAB3386E6F5}
	EndGlobalSection
EndGlobal
